
Microsoft Visual Studio Solution File, Format Version 12.00
# Visual Studio Version 16
VisualStudioVersion = 16.0.31613.86
MinimumVisualStudioVersion = 10.0.40219.1
Project("{FAE04EC0-301F-11D3-BF4B-00C04F79EFBC}") = "kberger1730ex1b", "kberger1730ex1b\kberger1730ex1b.csproj", "{EF07D315-ECD8-49EA-8F4B-EBD445D5CA2E}"
EndProject
Project("{FAE04EC0-301F-11D3-BF4B-00C04F79EFBC}") = "kberger1730ex1c", "kberger1730ex1c\kberger1730ex1c.csproj", "{E99B7013-ACA8-41FC-B1D1-B79567B865CE}"
EndProject
Project("{FAE04EC0-301F-11D3-BF4B-00C04F79EFBC}") = "kberger1730ex1d", "kberger1730ex1d\kberger1730ex1d.csproj", "{BE005CAC-B57A-409B-90C4-A017C89A8E20}"
EndProject
Global
	GlobalSection(SolutionConfigurationPlatforms) = preSolution
		Debug|Any CPU = Debug|Any CPU
		Release|Any CPU = Release|Any CPU
	EndGlobalSection
	GlobalSection(ProjectConfigurationPlatforms) = postSolution
		{EF07D315-ECD8-49EA-8F4B-EBD445D5CA2E}.Debug|Any CPU.ActiveCfg = Debug|Any CPU
		{EF07D315-ECD8-49EA-8F4B-EBD445D5CA2E}.Debug|Any CPU.Build.0 = Debug|Any CPU
		{EF07D315-ECD8-49EA-8F4B-EBD445D5CA2E}.Release|Any CPU.ActiveCfg = Release|Any CPU
		{EF07D315-ECD8-49EA-8F4B-EBD445D5CA2E}.Release|Any CPU.Build.0 = Release|Any CPU
		{E99B7013-ACA8-41FC-B1D1-B79567B865CE}.Debug|Any CPU.ActiveCfg = Debug|Any CPU
		{E99B7013-ACA8-41FC-B1D1-B79567B865CE}.Debug|Any CPU.Build.0 = Debug|Any CPU
		{E99B7013-ACA8-41FC-B1D1-B79567B865CE}.Release|Any CPU.ActiveCfg = Release|Any CPU
		{E99B7013-ACA8-41FC-B1D1-B79567B865CE}.Release|Any CPU.Build.0 = Release|Any CPU
		{BE005CAC-B57A-409B-90C4-A017C89A8E20}.Debug|Any CPU.ActiveCfg = Debug|Any CPU
		{BE005CAC-B57A-409B-90C4-A017C89A8E20}.Debug|Any CPU.Build.0 = Debug|Any CPU
		{BE005CAC-B57A-409B-90C4-A017C89A8E20}.Release|Any CPU.ActiveCfg = Release|Any CPU
		{BE005CAC-B57A-409B-90C4-A017C89A8E20}.Release|Any CPU.Build.0 = Release|Any CPU
	EndGlobalSection
	GlobalSection(SolutionProperties) = preSolution
		HideSolutionNode = FALSE
	EndGlobalSection
	GlobalSection(ExtensibilityGlobals) = postSolution
		SolutionGuid = {55B656F0-4E35-47AD-B320-DE302FA1A187}
	EndGlobalSection
EndGlobal
